
Microsoft Visual Studio Solution File, Format Version 12.00
# Visual Studio Version 17
VisualStudioVersion = 17.6.33712.159
MinimumVisualStudioVersion = 10.0.40219.1
Project("{FAE04EC0-301F-11D3-BF4B-00C04F79EFBC}") = "Progra6_PF_2023_APPhone.Android", "Progra6_PF_2023_APPhone\Progra6_PF_2023_APPhone.Android\Progra6_PF_2023_APPhone.Android.csproj", "{D754D663-50A6-464F-9947-2AFB67B9DD1D}"
EndProject
Project("{FAE04EC0-301F-11D3-BF4B-00C04F79EFBC}") = "Progra6_PF_2023_APPhone.iOS", "Progra6_PF_2023_APPhone\Progra6_PF_2023_APPhone.iOS\Progra6_PF_2023_APPhone.iOS.csproj", "{A141BE6D-73B5-4791-81D3-BC30877CE047}"
EndProject
Project("{FAE04EC0-301F-11D3-BF4B-00C04F79EFBC}") = "Progra6_PF_2023_APPhone", "Progra6_PF_2023_APPhone\Progra6_PF_2023_APPhone\Progra6_PF_2023_APPhone.csproj", "{21C0BD25-E015-4145-8CAD-F5AAA1AEC078}"
EndProject
Global
	GlobalSection(SolutionConfigurationPlatforms) = preSolution
		Debug|Any CPU = Debug|Any CPU
		Debug|iPhone = Debug|iPhone
		Debug|iPhoneSimulator = Debug|iPhoneSimulator
		Release|Any CPU = Release|Any CPU
		Release|iPhone = Release|iPhone
		Release|iPhoneSimulator = Release|iPhoneSimulator
	EndGlobalSection
	GlobalSection(ProjectConfigurationPlatforms) = postSolution
		{D754D663-50A6-464F-9947-2AFB67B9DD1D}.Debug|Any CPU.ActiveCfg = Debug|Any CPU
		{D754D663-50A6-464F-9947-2AFB67B9DD1D}.Debug|Any CPU.Build.0 = Debug|Any CPU
		{D754D663-50A6-464F-9947-2AFB67B9DD1D}.Debug|Any CPU.Deploy.0 = Debug|Any CPU
		{D754D663-50A6-464F-9947-2AFB67B9DD1D}.Debug|iPhone.ActiveCfg = Debug|Any CPU
		{D754D663-50A6-464F-9947-2AFB67B9DD1D}.Debug|iPhone.Build.0 = Debug|Any CPU
		{D754D663-50A6-464F-9947-2AFB67B9DD1D}.Debug|iPhone.Deploy.0 = Debug|Any CPU
		{D754D663-50A6-464F-9947-2AFB67B9DD1D}.Debug|iPhoneSimulator.ActiveCfg = Debug|Any CPU
		{D754D663-50A6-464F-9947-2AFB67B9DD1D}.Debug|iPhoneSimulator.Build.0 = Debug|Any CPU
		{D754D663-50A6-464F-9947-2AFB67B9DD1D}.Debug|iPhoneSimulator.Deploy.0 = Debug|Any CPU
		{D754D663-50A6-464F-9947-2AFB67B9DD1D}.Release|Any CPU.ActiveCfg = Release|Any CPU
		{D754D663-50A6-464F-9947-2AFB67B9DD1D}.Release|Any CPU.Build.0 = Release|Any CPU
		{D754D663-50A6-464F-9947-2AFB67B9DD1D}.Release|Any CPU.Deploy.0 = Release|Any CPU
		{D754D663-50A6-464F-9947-2AFB67B9DD1D}.Release|iPhone.ActiveCfg = Release|Any CPU
		{D754D663-50A6-464F-9947-2AFB67B9DD1D}.Release|iPhone.Build.0 = Release|Any CPU
		{D754D663-50A6-464F-9947-2AFB67B9DD1D}.Release|iPhone.Deploy.0 = Release|Any CPU
		{D754D663-50A6-464F-9947-2AFB67B9DD1D}.Release|iPhoneSimulator.ActiveCfg = Release|Any CPU
		{D754D663-50A6-464F-9947-2AFB67B9DD1D}.Release|iPhoneSimulator.Build.0 = Release|Any CPU
		{D754D663-50A6-464F-9947-2AFB67B9DD1D}.Release|iPhoneSimulator.Deploy.0 = Release|Any CPU
		{A141BE6D-73B5-4791-81D3-BC30877CE047}.Debug|Any CPU.ActiveCfg = Debug|iPhone
		{A141BE6D-73B5-4791-81D3-BC30877CE047}.Debug|Any CPU.Build.0 = Debug|iPhone
		{A141BE6D-73B5-4791-81D3-BC30877CE047}.Debug|Any CPU.Deploy.0 = Debug|iPhone
		{A141BE6D-73B5-4791-81D3-BC30877CE047}.Debug|iPhone.ActiveCfg = Debug|iPhone
		{A141BE6D-73B5-4791-81D3-BC30877CE047}.Debug|iPhone.Build.0 = Debug|iPhone
		{A141BE6D-73B5-4791-81D3-BC30877CE047}.Debug|iPhone.Deploy.0 = Debug|iPhone
		{A141BE6D-73B5-4791-81D3-BC30877CE047}.Debug|iPhoneSimulator.ActiveCfg = Debug|iPhoneSimulator
		{A141BE6D-73B5-4791-81D3-BC30877CE047}.Debug|iPhoneSimulator.Build.0 = Debug|iPhoneSimulator
		{A141BE6D-73B5-4791-81D3-BC30877CE047}.Debug|iPhoneSimulator.Deploy.0 = Debug|iPhoneSimulator
		{A141BE6D-73B5-4791-81D3-BC30877CE047}.Release|Any CPU.ActiveCfg = Release|iPhoneSimulator
		{A141BE6D-73B5-4791-81D3-BC30877CE047}.Release|Any CPU.Build.0 = Release|iPhoneSimulator
		{A141BE6D-73B5-4791-81D3-BC30877CE047}.Release|Any CPU.Deploy.0 = Release|iPhoneSimulator
		{A141BE6D-73B5-4791-81D3-BC30877CE047}.Release|iPhone.ActiveCfg = Release|iPhone
		{A141BE6D-73B5-4791-81D3-BC30877CE047}.Release|iPhone.Build.0 = Release|iPhone
		{A141BE6D-73B5-4791-81D3-BC30877CE047}.Release|iPhone.Deploy.0 = Release|iPhone
		{A141BE6D-73B5-4791-81D3-BC30877CE047}.Release|iPhoneSimulator.ActiveCfg = Release|iPhoneSimulator
		{A141BE6D-73B5-4791-81D3-BC30877CE047}.Release|iPhoneSimulator.Build.0 = Release|iPhoneSimulator
		{A141BE6D-73B5-4791-81D3-BC30877CE047}.Release|iPhoneSimulator.Deploy.0 = Release|iPhoneSimulator
		{21C0BD25-E015-4145-8CAD-F5AAA1AEC078}.Debug|Any CPU.ActiveCfg = Debug|Any CPU
		{21C0BD25-E015-4145-8CAD-F5AAA1AEC078}.Debug|Any CPU.Build.0 = Debug|Any CPU
		{21C0BD25-E015-4145-8CAD-F5AAA1AEC078}.Debug|Any CPU.Deploy.0 = Debug|Any CPU
		{21C0BD25-E015-4145-8CAD-F5AAA1AEC078}.Debug|iPhone.ActiveCfg = Debug|Any CPU
		{21C0BD25-E015-4145-8CAD-F5AAA1AEC078}.Debug|iPhone.Build.0 = Debug|Any CPU
		{21C0BD25-E015-4145-8CAD-F5AAA1AEC078}.Debug|iPhone.Deploy.0 = Debug|Any CPU
		{21C0BD25-E015-4145-8CAD-F5AAA1AEC078}.Debug|iPhoneSimulator.ActiveCfg = Debug|Any CPU
		{21C0BD25-E015-4145-8CAD-F5AAA1AEC078}.Debug|iPhoneSimulator.Build.0 = Debug|Any CPU
		{21C0BD25-E015-4145-8CAD-F5AAA1AEC078}.Debug|iPhoneSimulator.Deploy.0 = Debug|Any CPU
		{21C0BD25-E015-4145-8CAD-F5AAA1AEC078}.Release|Any CPU.ActiveCfg = Release|Any CPU
		{21C0BD25-E015-4145-8CAD-F5AAA1AEC078}.Release|Any CPU.Build.0 = Release|Any CPU
		{21C0BD25-E015-4145-8CAD-F5AAA1AEC078}.Release|Any CPU.Deploy.0 = Release|Any CPU
		{21C0BD25-E015-4145-8CAD-F5AAA1AEC078}.Release|iPhone.ActiveCfg = Release|Any CPU
		{21C0BD25-E015-4145-8CAD-F5AAA1AEC078}.Release|iPhone.Build.0 = Release|Any CPU
		{21C0BD25-E015-4145-8CAD-F5AAA1AEC078}.Release|iPhone.Deploy.0 = Release|Any CPU
		{21C0BD25-E015-4145-8CAD-F5AAA1AEC078}.Release|iPhoneSimulator.ActiveCfg = Release|Any CPU
		{21C0BD25-E015-4145-8CAD-F5AAA1AEC078}.Release|iPhoneSimulator.Build.0 = Release|Any CPU
		{21C0BD25-E015-4145-8CAD-F5AAA1AEC078}.Release|iPhoneSimulator.Deploy.0 = Release|Any CPU
	EndGlobalSection
	GlobalSection(SolutionProperties) = preSolution
		HideSolutionNode = FALSE
	EndGlobalSection
	GlobalSection(ExtensibilityGlobals) = postSolution
		SolutionGuid = {9D11F1AB-A7E7-49EF-BD48-73E4DE0D3C25}
	EndGlobalSection
EndGlobal
